
Microsoft Visual Studio Solution File, Format Version 12.00
# Visual Studio Version 16
VisualStudioVersion = 16.0.30804.86
MinimumVisualStudioVersion = 10.0.40219.1
Project("{FAE04EC0-301F-11D3-BF4B-00C04F79EFBC}") = "Wafle3DEngine", "Wafle3DEngine\Wafle3DEngine.csproj", "{DCCB50BC-FF4F-4755-AB59-4931814DD13F}"
EndProject
Global
	GlobalSection(SolutionConfigurationPlatforms) = preSolution
		Debug|Any CPU = Debug|Any CPU
		Release|Any CPU = Release|Any CPU
	EndGlobalSection
	GlobalSection(ProjectConfigurationPlatforms) = postSolution
		{DCCB50BC-FF4F-4755-AB59-4931814DD13F}.Debug|Any CPU.ActiveCfg = Debug|Any CPU
		{DCCB50BC-FF4F-4755-AB59-4931814DD13F}.Debug|Any CPU.Build.0 = Debug|Any CPU
		{DCCB50BC-FF4F-4755-AB59-4931814DD13F}.Release|Any CPU.ActiveCfg = Release|Any CPU
		{DCCB50BC-FF4F-4755-AB59-4931814DD13F}.Release|Any CPU.Build.0 = Release|Any CPU
	EndGlobalSection
	GlobalSection(SolutionProperties) = preSolution
		HideSolutionNode = FALSE
	EndGlobalSection
	GlobalSection(ExtensibilityGlobals) = postSolution
		SolutionGuid = {E2B42BCD-CC7D-4AAC-95E5-D6FB60E241F5}
	EndGlobalSection
EndGlobal
